// !$*UTF8*$!
{
	archiveVersion = 1;
	classes = {
	};
	objectVersion = 50;
	objects = {

/* Begin PBXBuildFile section */
		B48868A626806A730014DAC0 /* JYDDatePicker.framework in Frameworks */ = {isa = PBXBuildFile; fileRef = B488689C26806A730014DAC0 /* JYDDatePicker.framework */; };
		B48868AB26806A730014DAC0 /* JYDDatePickerTests.swift in Sources */ = {isa = PBXBuildFile; fileRef = B48868AA26806A730014DAC0 /* JYDDatePickerTests.swift */; };
		B48868AD26806A730014DAC0 /* JYDDatePicker.h in Headers */ = {isa = PBXBuildFile; fileRef = B488689F26806A730014DAC0 /* JYDDatePicker.h */; settings = {ATTRIBUTES = (Public, ); }; };
		B48868C026806AF70014DAC0 /* JYDDatePicker.swift in Sources */ = {isa = PBXBuildFile; fileRef = B48868B726806AF70014DAC0 /* JYDDatePicker.swift */; };
		B48868C126806AF70014DAC0 /* UIColorExtension.swift in Sources */ = {isa = PBXBuildFile; fileRef = B48868B926806AF70014DAC0 /* UIColorExtension.swift */; };
		B48868C226806AF70014DAC0 /* UICollectionViewLeftAlignedLayout.swift in Sources */ = {isa = PBXBuildFile; fileRef = B48868BA26806AF70014DAC0 /* UICollectionViewLeftAlignedLayout.swift */; };
		B48868C326806AF70014DAC0 /* UIFountExtension.swift in Sources */ = {isa = PBXBuildFile; fileRef = B48868BB26806AF70014DAC0 /* UIFountExtension.swift */; };
		B48868C426806AF70014DAC0 /* DateExtension.swift in Sources */ = {isa = PBXBuildFile; fileRef = B48868BC26806AF70014DAC0 /* DateExtension.swift */; };
		B48868C526806AF70014DAC0 /* JYDDatePickerView.swift in Sources */ = {isa = PBXBuildFile; fileRef = B48868BE26806AF70014DAC0 /* JYDDatePickerView.swift */; };
		B48868C626806AF70014DAC0 /* Assets.xcassets in Resources */ = {isa = PBXBuildFile; fileRef = B48868BF26806AF70014DAC0 /* Assets.xcassets */; };
		F4F449AE0A740FDDCF8AB947 /* Pods_JYDDatePicker.framework in Frameworks */ = {isa = PBXBuildFile; fileRef = 9DD4241C03DB212F5A84D554 /* Pods_JYDDatePicker.framework */; };
/* End PBXBuildFile section */

/* Begin PBXContainerItemProxy section */
		B48868A726806A730014DAC0 /* PBXContainerItemProxy */ = {
			isa = PBXContainerItemProxy;
			containerPortal = B488689326806A730014DAC0 /* Project object */;
			proxyType = 1;
			remoteGlobalIDString = B488689B26806A730014DAC0;
			remoteInfo = JYDDatePicker;
		};
/* End PBXContainerItemProxy section */

/* Begin PBXFileReference section */
		2831E3B57E039000BBCA20C7 /* Pods-JYDDatePicker.debug.xcconfig */ = {isa = PBXFileReference; includeInIndex = 1; lastKnownFileType = text.xcconfig; name = "Pods-JYDDatePicker.debug.xcconfig"; path = "Target Support Files/Pods-JYDDatePicker/Pods-JYDDatePicker.debug.xcconfig"; sourceTree = "<group>"; };
		9DD4241C03DB212F5A84D554 /* Pods_JYDDatePicker.framework */ = {isa = PBXFileReference; explicitFileType = wrapper.framework; includeInIndex = 0; path = Pods_JYDDatePicker.framework; sourceTree = BUILT_PRODUCTS_DIR; };
		B488689C26806A730014DAC0 /* JYDDatePicker.framework */ = {isa = PBXFileReference; explicitFileType = wrapper.framework; includeInIndex = 0; path = JYDDatePicker.framework; sourceTree = BUILT_PRODUCTS_DIR; };
		B488689F26806A730014DAC0 /* JYDDatePicker.h */ = {isa = PBXFileReference; lastKnownFileType = sourcecode.c.h; path = JYDDatePicker.h; sourceTree = "<group>"; };
		B48868A026806A730014DAC0 /* Info.plist */ = {isa = PBXFileReference; lastKnownFileType = text.plist.xml; path = Info.plist; sourceTree = "<group>"; };
		B48868A526806A730014DAC0 /* JYDDatePickerTests.xctest */ = {isa = PBXFileReference; explicitFileType = wrapper.cfbundle; includeInIndex = 0; path = JYDDatePickerTests.xctest; sourceTree = BUILT_PRODUCTS_DIR; };
		B48868AA26806A730014DAC0 /* JYDDatePickerTests.swift */ = {isa = PBXFileReference; lastKnownFileType = sourcecode.swift; path = JYDDatePickerTests.swift; sourceTree = "<group>"; };
		B48868AC26806A730014DAC0 /* Info.plist */ = {isa = PBXFileReference; lastKnownFileType = text.plist.xml; path = Info.plist; sourceTree = "<group>"; };
		B48868B726806AF70014DAC0 /* JYDDatePicker.swift */ = {isa = PBXFileReference; fileEncoding = 4; lastKnownFileType = sourcecode.swift; path = JYDDatePicker.swift; sourceTree = "<group>"; };
		B48868B926806AF70014DAC0 /* UIColorExtension.swift */ = {isa = PBXFileReference; fileEncoding = 4; lastKnownFileType = sourcecode.swift; path = UIColorExtension.swift; sourceTree = "<group>"; };
		B48868BA26806AF70014DAC0 /* UICollectionViewLeftAlignedLayout.swift */ = {isa = PBXFileReference; fileEncoding = 4; lastKnownFileType = sourcecode.swift; path = UICollectionViewLeftAlignedLayout.swift; sourceTree = "<group>"; };
		B48868BB26806AF70014DAC0 /* UIFountExtension.swift */ = {isa = PBXFileReference; fileEncoding = 4; lastKnownFileType = sourcecode.swift; path = UIFountExtension.swift; sourceTree = "<group>"; };
		B48868BC26806AF70014DAC0 /* DateExtension.swift */ = {isa = PBXFileReference; fileEncoding = 4; lastKnownFileType = sourcecode.swift; path = DateExtension.swift; sourceTree = "<group>"; };
		B48868BE26806AF70014DAC0 /* JYDDatePickerView.swift */ = {isa = PBXFileReference; fileEncoding = 4; lastKnownFileType = sourcecode.swift; path = JYDDatePickerView.swift; sourceTree = "<group>"; };
		B48868BF26806AF70014DAC0 /* Assets.xcassets */ = {isa = PBXFileReference; lastKnownFileType = folder.assetcatalog; path = Assets.xcassets; sourceTree = "<group>"; };
		E16611D2CEEB70C71A43D2E1 /* Pods-JYDDatePicker.release.xcconfig */ = {isa = PBXFileReference; includeInIndex = 1; lastKnownFileType = text.xcconfig; name = "Pods-JYDDatePicker.release.xcconfig"; path = "Target Support Files/Pods-JYDDatePicker/Pods-JYDDatePicker.release.xcconfig"; sourceTree = "<group>"; };
/* End PBXFileReference section */

/* Begin PBXFrameworksBuildPhase section */
		B488689926806A730014DAC0 /* Frameworks */ = {
			isa = PBXFrameworksBuildPhase;
			buildActionMask = 2147483647;
			files = (
				F4F449AE0A740FDDCF8AB947 /* Pods_JYDDatePicker.framework in Frameworks */,
			);
			runOnlyForDeploymentPostprocessing = 0;
		};
		B48868A226806A730014DAC0 /* Frameworks */ = {
			isa = PBXFrameworksBuildPhase;
			buildActionMask = 2147483647;
			files = (
				B48868A626806A730014DAC0 /* JYDDatePicker.framework in Frameworks */,
			);
			runOnlyForDeploymentPostprocessing = 0;
		};
/* End PBXFrameworksBuildPhase section */

/* Begin PBXGroup section */
		AFFF110E2F70855844FF9D78 /* Pods */ = {
			isa = PBXGroup;
			children = (
				2831E3B57E039000BBCA20C7 /* Pods-JYDDatePicker.debug.xcconfig */,
				E16611D2CEEB70C71A43D2E1 /* Pods-JYDDatePicker.release.xcconfig */,
			);
			path = Pods;
			sourceTree = "<group>";
		};
		B488689226806A730014DAC0 = {
			isa = PBXGroup;
			children = (
				B488689E26806A730014DAC0 /* JYDDatePicker */,
				B48868A926806A730014DAC0 /* JYDDatePickerTests */,
				B488689D26806A730014DAC0 /* Products */,
				AFFF110E2F70855844FF9D78 /* Pods */,
				E77566F7A6A32D16926A2055 /* Frameworks */,
			);
			sourceTree = "<group>";
		};
		B488689D26806A730014DAC0 /* Products */ = {
			isa = PBXGroup;
			children = (
				B488689C26806A730014DAC0 /* JYDDatePicker.framework */,
				B48868A526806A730014DAC0 /* JYDDatePickerTests.xctest */,
			);
			name = Products;
			sourceTree = "<group>";
		};
		B488689E26806A730014DAC0 /* JYDDatePicker */ = {
			isa = PBXGroup;
			children = (
				B48868BF26806AF70014DAC0 /* Assets.xcassets */,
				B48868B626806AF70014DAC0 /* Class */,
				B48868B826806AF70014DAC0 /* Other */,
				B48868BD26806AF70014DAC0 /* View */,
				B488689F26806A730014DAC0 /* JYDDatePicker.h */,
				B48868A026806A730014DAC0 /* Info.plist */,
			);
			path = JYDDatePicker;
			sourceTree = "<group>";
		};
		B48868A926806A730014DAC0 /* JYDDatePickerTests */ = {
			isa = PBXGroup;
			children = (
				B48868AA26806A730014DAC0 /* JYDDatePickerTests.swift */,
				B48868AC26806A730014DAC0 /* Info.plist */,
			);
			path = JYDDatePickerTests;
			sourceTree = "<group>";
		};
		B48868B626806AF70014DAC0 /* Class */ = {
			isa = PBXGroup;
			children = (
				B48868B726806AF70014DAC0 /* JYDDatePicker.swift */,
			);
			path = Class;
			sourceTree = "<group>";
		};
		B48868B826806AF70014DAC0 /* Other */ = {
			isa = PBXGroup;
			children = (
				B48868B926806AF70014DAC0 /* UIColorExtension.swift */,
				B48868BA26806AF70014DAC0 /* UICollectionViewLeftAlignedLayout.swift */,
				B48868BB26806AF70014DAC0 /* UIFountExtension.swift */,
				B48868BC26806AF70014DAC0 /* DateExtension.swift */,
			);
			path = Other;
			sourceTree = "<group>";
		};
		B48868BD26806AF70014DAC0 /* View */ = {
			isa = PBXGroup;
			children = (
				B48868BE26806AF70014DAC0 /* JYDDatePickerView.swift */,
			);
			path = View;
			sourceTree = "<group>";
		};
		E77566F7A6A32D16926A2055 /* Frameworks */ = {
			isa = PBXGroup;
			children = (
				9DD4241C03DB212F5A84D554 /* Pods_JYDDatePicker.framework */,
			);
			name = Frameworks;
			sourceTree = "<group>";
		};
/* End PBXGroup section */

/* Begin PBXHeadersBuildPhase section */
		B488689726806A730014DAC0 /* Headers */ = {
			isa = PBXHeadersBuildPhase;
			buildActionMask = 2147483647;
			files = (
				B48868AD26806A730014DAC0 /* JYDDatePicker.h in Headers */,
			);
			runOnlyForDeploymentPostprocessing = 0;
		};
/* End PBXHeadersBuildPhase section */

/* Begin PBXNativeTarget section */
		B488689B26806A730014DAC0 /* JYDDatePicker */ = {
			isa = PBXNativeTarget;
			buildConfigurationList = B48868B026806A730014DAC0 /* Build configuration list for PBXNativeTarget "JYDDatePicker" */;
			buildPhases = (
				A9FEC2D8E9210D074E0C4B6D /* [CP] Check Pods Manifest.lock */,
				B488689726806A730014DAC0 /* Headers */,
				B488689826806A730014DAC0 /* Sources */,
				B488689926806A730014DAC0 /* Frameworks */,
				B488689A26806A730014DAC0 /* Resources */,
			);
			buildRules = (
			);
			dependencies = (
			);
			name = JYDDatePicker;
			productName = JYDDatePicker;
			productReference = B488689C26806A730014DAC0 /* JYDDatePicker.framework */;
			productType = "com.apple.product-type.framework";
		};
		B48868A426806A730014DAC0 /* JYDDatePickerTests */ = {
			isa = PBXNativeTarget;
			buildConfigurationList = B48868B326806A730014DAC0 /* Build configuration list for PBXNativeTarget "JYDDatePickerTests" */;
			buildPhases = (
				B48868A126806A730014DAC0 /* Sources */,
				B48868A226806A730014DAC0 /* Frameworks */,
				B48868A326806A730014DAC0 /* Resources */,
			);
			buildRules = (
			);
			dependencies = (
				B48868A826806A730014DAC0 /* PBXTargetDependency */,
			);
			name = JYDDatePickerTests;
			productName = JYDDatePickerTests;
			productReference = B48868A526806A730014DAC0 /* JYDDatePickerTests.xctest */;
			productType = "com.apple.product-type.bundle.unit-test";
		};
/* End PBXNativeTarget section */

/* Begin PBXProject section */
		B488689326806A730014DAC0 /* Project object */ = {
			isa = PBXProject;
			attributes = {
				LastSwiftUpdateCheck = 1250;
				LastUpgradeCheck = 1250;
				TargetAttributes = {
					B488689B26806A730014DAC0 = {
						CreatedOnToolsVersion = 12.5;
					};
					B48868A426806A730014DAC0 = {
						CreatedOnToolsVersion = 12.5;
					};
				};
			};
			buildConfigurationList = B488689626806A730014DAC0 /* Build configuration list for PBXProject "JYDDatePicker" */;
			compatibilityVersion = "Xcode 9.3";
			developmentRegion = en;
			hasScannedForEncodings = 0;
			knownRegions = (
				en,
				Base,
			);
			mainGroup = B488689226806A730014DAC0;
			productRefGroup = B488689D26806A730014DAC0 /* Products */;
			projectDirPath = "";
			projectRoot = "";
			targets = (
				B488689B26806A730014DAC0 /* JYDDatePicker */,
				B48868A426806A730014DAC0 /* JYDDatePickerTests */,
			);
		};
/* End PBXProject section */

/* Begin PBXResourcesBuildPhase section */
		B488689A26806A730014DAC0 /* Resources */ = {
			isa = PBXResourcesBuildPhase;
			buildActionMask = 2147483647;
			files = (
				B48868C626806AF70014DAC0 /* Assets.xcassets in Resources */,
			);
			runOnlyForDeploymentPostprocessing = 0;
		};
		B48868A326806A730014DAC0 /* Resources */ = {
			isa = PBXResourcesBuildPhase;
			buildActionMask = 2147483647;
			files = (
			);
			runOnlyForDeploymentPostprocessing = 0;
		};
/* End PBXResourcesBuildPhase section */

/* Begin PBXShellScriptBuildPhase section */
		A9FEC2D8E9210D074E0C4B6D /* [CP] Check Pods Manifest.lock */ = {
			isa = PBXShellScriptBuildPhase;
			buildActionMask = 2147483647;
			files = (
			);
			inputFileListPaths = (
			);
			inputPaths = (
				"${PODS_PODFILE_DIR_PATH}/Podfile.lock",
				"${PODS_ROOT}/Manifest.lock",
			);
			name = "[CP] Check Pods Manifest.lock";
			outputFileListPaths = (
			);
			outputPaths = (
				"$(DERIVED_FILE_DIR)/Pods-JYDDatePicker-checkManifestLockResult.txt",
			);
			runOnlyForDeploymentPostprocessing = 0;
			shellPath = /bin/sh;
			shellScript = "diff \"${PODS_PODFILE_DIR_PATH}/Podfile.lock\" \"${PODS_ROOT}/Manifest.lock\" > /dev/null\nif [ $? != 0 ] ; then\n    # print error to STDERR\n    echo \"error: The sandbox is not in sync with the Podfile.lock. Run 'pod install' or update your CocoaPods installation.\" >&2\n    exit 1\nfi\n# This output is used by Xcode 'outputs' to avoid re-running this script phase.\necho \"SUCCESS\" > \"${SCRIPT_OUTPUT_FILE_0}\"\n";
			showEnvVarsInLog = 0;
		};
/* End PBXShellScriptBuildPhase section */

/* Begin PBXSourcesBuildPhase section */
		B488689826806A730014DAC0 /* Sources */ = {
			isa = PBXSourcesBuildPhase;
			buildActionMask = 2147483647;
			files = (
				B48868C526806AF70014DAC0 /* JYDDatePickerView.swift in Sources */,
				B48868C326806AF70014DAC0 /* UIFountExtension.swift in Sources */,
				B48868C426806AF70014DAC0 /* DateExtension.swift in Sources */,
				B48868C026806AF70014DAC0 /* JYDDatePicker.swift in Sources */,
				B48868C126806AF70014DAC0 /* UIColorExtension.swift in Sources */,
				B48868C226806AF70014DAC0 /* UICollectionViewLeftAlignedLayout.swift in Sources */,
			);
			runOnlyForDeploymentPostprocessing = 0;
		};
		B48868A126806A730014DAC0 /* Sources */ = {
			isa = PBXSourcesBuildPhase;
			buildActionMask = 2147483647;
			files = (
				B48868AB26806A730014DAC0 /* JYDDatePickerTests.swift in Sources */,
			);
			runOnlyForDeploymentPostprocessing = 0;
		};
/* End PBXSourcesBuildPhase section */

/* Begin PBXTargetDependency section */
		B48868A826806A730014DAC0 /* PBXTargetDependency */ = {
			isa = PBXTargetDependency;
			target = B488689B26806A730014DAC0 /* JYDDatePicker */;
			targetProxy = B48868A726806A730014DAC0 /* PBXContainerItemProxy */;
		};
/* End PBXTargetDependency section */

/* Begin XCBuildConfiguration section */
		B48868AE26806A730014DAC0 /* Debug */ = {
			isa = XCBuildConfiguration;
			buildSettings = {
				ALWAYS_SEARCH_USER_PATHS = NO;
				CLANG_ANALYZER_NONNULL = YES;
				CLANG_ANALYZER_NUMBER_OBJECT_CONVERSION = YES_AGGRESSIVE;
				CLANG_CXX_LANGUAGE_STANDARD = "gnu++14";
				CLANG_CXX_LIBRARY = "libc++";
				CLANG_ENABLE_MODULES = YES;
				CLANG_ENABLE_OBJC_ARC = YES;
				CLANG_ENABLE_OBJC_WEAK = YES;
				CLANG_WARN_BLOCK_CAPTURE_AUTORELEASING = YES;
				CLANG_WARN_BOOL_CONVERSION = YES;
				CLANG_WARN_COMMA = YES;
				CLANG_WARN_CONSTANT_CONVERSION = YES;
				CLANG_WARN_DEPRECATED_OBJC_IMPLEMENTATIONS = YES;
				CLANG_WARN_DIRECT_OBJC_ISA_USAGE = YES_ERROR;
				CLANG_WARN_DOCUMENTATION_COMMENTS = YES;
				CLANG_WARN_EMPTY_BODY = YES;
				CLANG_WARN_ENUM_CONVERSION = YES;
				CLANG_WARN_INFINITE_RECURSION = YES;
				CLANG_WARN_INT_CONVERSION = YES;
				CLANG_WARN_NON_LITERAL_NULL_CONVERSION = YES;
				CLANG_WARN_OBJC_IMPLICIT_RETAIN_SELF = YES;
				CLANG_WARN_OBJC_LITERAL_CONVERSION = YES;
				CLANG_WARN_OBJC_ROOT_CLASS = YES_ERROR;
				CLANG_WARN_QUOTED_INCLUDE_IN_FRAMEWORK_HEADER = YES;
				CLANG_WARN_RANGE_LOOP_ANALYSIS = YES;
				CLANG_WARN_STRICT_PROTOTYPES = YES;
				CLANG_WARN_SUSPICIOUS_MOVE = YES;
				CLANG_WARN_UNGUARDED_AVAILABILITY = YES_AGGRESSIVE;
				CLANG_WARN_UNREACHABLE_CODE = YES;
				CLANG_WARN__DUPLICATE_METHOD_MATCH = YES;
				COPY_PHASE_STRIP = NO;
				CURRENT_PROJECT_VERSION = 1;
				DEBUG_INFORMATION_FORMAT = dwarf;
				ENABLE_STRICT_OBJC_MSGSEND = YES;
				ENABLE_TESTABILITY = YES;
				GCC_C_LANGUAGE_STANDARD = gnu11;
				GCC_DYNAMIC_NO_PIC = NO;
				GCC_NO_COMMON_BLOCKS = YES;
				GCC_OPTIMIZATION_LEVEL = 0;
				GCC_PREPROCESSOR_DEFINITIONS = (
					"DEBUG=1",
					"$(inherited)",
				);
				GCC_WARN_64_TO_32_BIT_CONVERSION = YES;
				GCC_WARN_ABOUT_RETURN_TYPE = YES_ERROR;
				GCC_WARN_UNDECLARED_SELECTOR = YES;
				GCC_WARN_UNINITIALIZED_AUTOS = YES_AGGRESSIVE;
				GCC_WARN_UNUSED_FUNCTION = YES;
				GCC_WARN_UNUSED_VARIABLE = YES;
				IPHONEOS_DEPLOYMENT_TARGET = 14.5;
				MTL_ENABLE_DEBUG_INFO = INCLUDE_SOURCE;
				MTL_FAST_MATH = YES;
				ONLY_ACTIVE_ARCH = YES;
				SDKROOT = iphoneos;
				SWIFT_ACTIVE_COMPILATION_CONDITIONS = DEBUG;
				SWIFT_OPTIMIZATION_LEVEL = "-Onone";
				VERSIONING_SYSTEM = "apple-generic";
				VERSION_INFO_PREFIX = "";
			};
			name = Debug;
		};
		B48868AF26806A730014DAC0 /* Release */ = {
			isa = XCBuildConfiguration;
			buildSettings = {
				ALWAYS_SEARCH_USER_PATHS = NO;
				CLANG_ANALYZER_NONNULL = YES;
				CLANG_ANALYZER_NUMBER_OBJECT_CONVERSION = YES_AGGRESSIVE;
				CLANG_CXX_LANGUAGE_STANDARD = "gnu++14";
				CLANG_CXX_LIBRARY = "libc++";
				CLANG_ENABLE_MODULES = YES;
				CLANG_ENABLE_OBJC_ARC = YES;
				CLANG_ENABLE_OBJC_WEAK = YES;
				CLANG_WARN_BLOCK_CAPTURE_AUTORELEASING = YES;
				CLANG_WARN_BOOL_CONVERSION = YES;
				CLANG_WARN_COMMA = YES;
				CLANG_WARN_CONSTANT_CONVERSION = YES;
				CLANG_WARN_DEPRECATED_OBJC_IMPLEMENTATIONS = YES;
				CLANG_WARN_DIRECT_OBJC_ISA_USAGE = YES_ERROR;
				CLANG_WARN_DOCUMENTATION_COMMENTS = YES;
				CLANG_WARN_EMPTY_BODY = YES;
				CLANG_WARN_ENUM_CONVERSION = YES;
				CLANG_WARN_INFINITE_RECURSION = YES;
				CLANG_WARN_INT_CONVERSION = YES;
				CLANG_WARN_NON_LITERAL_NULL_CONVERSION = YES;
				CLANG_WARN_OBJC_IMPLICIT_RETAIN_SELF = YES;
				CLANG_WARN_OBJC_LITERAL_CONVERSION = YES;
				CLANG_WARN_OBJC_ROOT_CLASS = YES_ERROR;
				CLANG_WARN_QUOTED_INCLUDE_IN_FRAMEWORK_HEADER = YES;
				CLANG_WARN_RANGE_LOOP_ANALYSIS = YES;
				CLANG_WARN_STRICT_PROTOTYPES = YES;
				CLANG_WARN_SUSPICIOUS_MOVE = YES;
				CLANG_WARN_UNGUARDED_AVAILABILITY = YES_AGGRESSIVE;
				CLANG_WARN_UNREACHABLE_CODE = YES;
				CLANG_WARN__DUPLICATE_METHOD_MATCH = YES;
				COPY_PHASE_STRIP = NO;
				CURRENT_PROJECT_VERSION = 1;
				DEBUG_INFORMATION_FORMAT = "dwarf-with-dsym";
				ENABLE_NS_ASSERTIONS = NO;
				ENABLE_STRICT_OBJC_MSGSEND = YES;
				GCC_C_LANGUAGE_STANDARD = gnu11;
				GCC_NO_COMMON_BLOCKS = YES;
				GCC_WARN_64_TO_32_BIT_CONVERSION = YES;
				GCC_WARN_ABOUT_RETURN_TYPE = YES_ERROR;
				GCC_WARN_UNDECLARED_SELECTOR = YES;
				GCC_WARN_UNINITIALIZED_AUTOS = YES_AGGRESSIVE;
				GCC_WARN_UNUSED_FUNCTION = YES;
				GCC_WARN_UNUSED_VARIABLE = YES;
				IPHONEOS_DEPLOYMENT_TARGET = 14.5;
				MTL_ENABLE_DEBUG_INFO = NO;
				MTL_FAST_MATH = YES;
				SDKROOT = iphoneos;
				SWIFT_COMPILATION_MODE = wholemodule;
				SWIFT_OPTIMIZATION_LEVEL = "-O";
				VALIDATE_PRODUCT = YES;
				VERSIONING_SYSTEM = "apple-generic";
				VERSION_INFO_PREFIX = "";
			};
			name = Release;
		};
		B48868B126806A730014DAC0 /* Debug */ = {
			isa = XCBuildConfiguration;
			baseConfigurationReference = 2831E3B57E039000BBCA20C7 /* Pods-JYDDatePicker.debug.xcconfig */;
			buildSettings = {
				CODE_SIGN_STYLE = Automatic;
				DEFINES_MODULE = YES;
				DEVELOPMENT_TEAM = FKV48P6B49;
				DYLIB_COMPATIBILITY_VERSION = 1;
				DYLIB_CURRENT_VERSION = 1;
				DYLIB_INSTALL_NAME_BASE = "@rpath";
				INFOPLIST_FILE = JYDDatePicker/Info.plist;
				INSTALL_PATH = "$(LOCAL_LIBRARY_DIR)/Frameworks";
				IPHONEOS_DEPLOYMENT_TARGET = 10.0;
				LD_RUNPATH_SEARCH_PATHS = (
					"$(inherited)",
					"@executable_path/Frameworks",
					"@loader_path/Frameworks",
				);
				PRODUCT_BUNDLE_IDENTIFIER = com.yuanke.JYDDatePicker;
				PRODUCT_NAME = "$(TARGET_NAME:c99extidentifier)";
				SKIP_INSTALL = YES;
				SUPPORTS_MACCATALYST = NO;
				SWIFT_VERSION = 5.0;
				TARGETED_DEVICE_FAMILY = 1;
			};
			name = Debug;
		};
		B48868B226806A730014DAC0 /* Release */ = {
			isa = XCBuildConfiguration;
			baseConfigurationReference = E16611D2CEEB70C71A43D2E1 /* Pods-JYDDatePicker.release.xcconfig */;
			buildSettings = {
				CODE_SIGN_STYLE = Automatic;
				DEFINES_MODULE = YES;
				DEVELOPMENT_TEAM = FKV48P6B49;
				DYLIB_COMPATIBILITY_VERSION = 1;
				DYLIB_CURRENT_VERSION = 1;
				DYLIB_INSTALL_NAME_BASE = "@rpath";
				INFOPLIST_FILE = JYDDatePicker/Info.plist;
				INSTALL_PATH = "$(LOCAL_LIBRARY_DIR)/Frameworks";
				IPHONEOS_DEPLOYMENT_TARGET = 10.0;
				LD_RUNPATH_SEARCH_PATHS = (
					"$(inherited)",
					"@executable_path/Frameworks",
					"@loader_path/Frameworks",
				);
				PRODUCT_BUNDLE_IDENTIFIER = com.yuanke.JYDDatePicker;
				PRODUCT_NAME = "$(TARGET_NAME:c99extidentifier)";
				SKIP_INSTALL = YES;
				SUPPORTS_MACCATALYST = NO;
				SWIFT_VERSION = 5.0;
				TARGETED_DEVICE_FAMILY = 1;
			};
			name = Release;
		};
		B48868B426806A730014DAC0 /* Debug */ = {
			isa = XCBuildConfiguration;
			buildSettings = {
				ALWAYS_EMBED_SWIFT_STANDARD_LIBRARIES = YES;
				CODE_SIGN_STYLE = Automatic;
				DEVELOPMENT_TEAM = FKV48P6B49;
				INFOPLIST_FILE = JYDDatePickerTests/Info.plist;
				LD_RUNPATH_SEARCH_PATHS = (
					"$(inherited)",
					"@executable_path/Frameworks",
					"@loader_path/Frameworks",
				);
				PRODUCT_BUNDLE_IDENTIFIER = com.yuanke.JYDDatePickerTests;
				PRODUCT_NAME = "$(TARGET_NAME)";
				SWIFT_VERSION = 5.0;
				TARGETED_DEVICE_FAMILY = "1,2";
			};
			name = Debug;
		};
		B48868B526806A730014DAC0 /* Release */ = {
			isa = XCBuildConfiguration;
			buildSettings = {
				ALWAYS_EMBED_SWIFT_STANDARD_LIBRARIES = YES;
				CODE_SIGN_STYLE = Automatic;
				DEVELOPMENT_TEAM = FKV48P6B49;
				INFOPLIST_FILE = JYDDatePickerTests/Info.plist;
				LD_RUNPATH_SEARCH_PATHS = (
					"$(inherited)",
					"@executable_path/Frameworks",
					"@loader_path/Frameworks",
				);
				PRODUCT_BUNDLE_IDENTIFIER = com.yuanke.JYDDatePickerTests;
				PRODUCT_NAME = "$(TARGET_NAME)";
				SWIFT_VERSION = 5.0;
				TARGETED_DEVICE_FAMILY = "1,2";
			};
			name = Release;
		};
/* End XCBuildConfiguration section */

/* Begin XCConfigurationList section */
		B488689626806A730014DAC0 /* Build configuration list for PBXProject "JYDDatePicker" */ = {
			isa = XCConfigurationList;
			buildConfigurations = (
				B48868AE26806A730014DAC0 /* Debug */,
				B48868AF26806A730014DAC0 /* Release */,
			);
			defaultConfigurationIsVisible = 0;
			defaultConfigurationName = Release;
		};
		B48868B026806A730014DAC0 /* Build configuration list for PBXNativeTarget "JYDDatePicker" */ = {
			isa = XCConfigurationList;
			buildConfigurations = (
				B48868B126806A730014DAC0 /* Debug */,
				B48868B226806A730014DAC0 /* Release */,
			);
			defaultConfigurationIsVisible = 0;
			defaultConfigurationName = Release;
		};
		B48868B326806A730014DAC0 /* Build configuration list for PBXNativeTarget "JYDDatePickerTests" */ = {
			isa = XCConfigurationList;
			buildConfigurations = (
				B48868B426806A730014DAC0 /* Debug */,
				B48868B526806A730014DAC0 /* Release */,
			);
			defaultConfigurationIsVisible = 0;
			defaultConfigurationName = Release;
		};
/* End XCConfigurationList section */
	};
	rootObject = B488689326806A730014DAC0 /* Project object */;
}
